
Microsoft Visual Studio Solution File, Format Version 12.00
# Visual Studio 15
VisualStudioVersion = 15.0.27703.2047
MinimumVisualStudioVersion = 10.0.40219.1
Project("{FAE04EC0-301F-11D3-BF4B-00C04F79EFBC}") = "AltenCarStore.Core", "src\AltenCarStore.Core\AltenCarStore.Core.csproj", "{2B022B93-6280-4EB0-AECB-680DCE65D731}"
EndProject
Project("{FAE04EC0-301F-11D3-BF4B-00C04F79EFBC}") = "AltenCarStore.Infrastructure", "src\AltenCarStore.Infrastructure\AltenCarStore.Infrastructure.csproj", "{C523A886-0466-4A68-B9CB-C2DC8122674F}"
EndProject
Project("{FAE04EC0-301F-11D3-BF4B-00C04F79EFBC}") = "AltenCarStore.VehicleService", "src\AltenCarStore.Services\AltenCarStore.VehicleService\AltenCarStore.VehicleService.csproj", "{AB1A5FA3-EB3F-457B-8255-8323280756F3}"
EndProject
Project("{E53339B2-1760-4266-BCC7-CA923CBCF16C}") = "docker-compose", "docker-compose.dcproj", "{2C182D99-203D-40D0-BC2B-2FB065A0F05F}"
EndProject
Project("{2150E333-8FDC-42A3-9474-1A3956D46DE8}") = "AltenCarStore.Services", "AltenCarStore.Services", "{CA1B441A-94B4-4523-9466-407FFA1E97B9}"
EndProject
Project("{FAE04EC0-301F-11D3-BF4B-00C04F79EFBC}") = "AltenCarStore.DriverService", "src\AltenCarStore.Services\AltenCarStore.DriverService\AltenCarStore.DriverService.csproj", "{6F2DD5EC-57AA-406D-8859-49F3C7F583A3}"
EndProject
Project("{FAE04EC0-301F-11D3-BF4B-00C04F79EFBC}") = "AltenCarStore.VehicleStateService", "src\AltenCarStore.Services\AltenCarStore.VehicleStateService\AltenCarStore.VehicleStateService.csproj", "{9C71D4CA-71C6-4B28-B621-50769E14370E}"
EndProject
Project("{FAE04EC0-301F-11D3-BF4B-00C04F79EFBC}") = "AltenCarStore.Web", "src\AltenCarStore.Web\AltenCarStore.Web.csproj", "{45DCD9B9-36EE-4ED1-B35B-5F3C17C01333}"
EndProject
Global
	GlobalSection(SolutionConfigurationPlatforms) = preSolution
		Debug|Any CPU = Debug|Any CPU
		Release|Any CPU = Release|Any CPU
	EndGlobalSection
	GlobalSection(ProjectConfigurationPlatforms) = postSolution
		{2B022B93-6280-4EB0-AECB-680DCE65D731}.Debug|Any CPU.ActiveCfg = Debug|Any CPU
		{2B022B93-6280-4EB0-AECB-680DCE65D731}.Debug|Any CPU.Build.0 = Debug|Any CPU
		{2B022B93-6280-4EB0-AECB-680DCE65D731}.Release|Any CPU.ActiveCfg = Release|Any CPU
		{2B022B93-6280-4EB0-AECB-680DCE65D731}.Release|Any CPU.Build.0 = Release|Any CPU
		{C523A886-0466-4A68-B9CB-C2DC8122674F}.Debug|Any CPU.ActiveCfg = Debug|Any CPU
		{C523A886-0466-4A68-B9CB-C2DC8122674F}.Debug|Any CPU.Build.0 = Debug|Any CPU
		{C523A886-0466-4A68-B9CB-C2DC8122674F}.Release|Any CPU.ActiveCfg = Release|Any CPU
		{C523A886-0466-4A68-B9CB-C2DC8122674F}.Release|Any CPU.Build.0 = Release|Any CPU
		{AB1A5FA3-EB3F-457B-8255-8323280756F3}.Debug|Any CPU.ActiveCfg = Debug|Any CPU
		{AB1A5FA3-EB3F-457B-8255-8323280756F3}.Debug|Any CPU.Build.0 = Debug|Any CPU
		{AB1A5FA3-EB3F-457B-8255-8323280756F3}.Release|Any CPU.ActiveCfg = Release|Any CPU
		{AB1A5FA3-EB3F-457B-8255-8323280756F3}.Release|Any CPU.Build.0 = Release|Any CPU
		{2C182D99-203D-40D0-BC2B-2FB065A0F05F}.Debug|Any CPU.ActiveCfg = Debug|Any CPU
		{2C182D99-203D-40D0-BC2B-2FB065A0F05F}.Debug|Any CPU.Build.0 = Debug|Any CPU
		{2C182D99-203D-40D0-BC2B-2FB065A0F05F}.Release|Any CPU.ActiveCfg = Release|Any CPU
		{2C182D99-203D-40D0-BC2B-2FB065A0F05F}.Release|Any CPU.Build.0 = Release|Any CPU
		{6F2DD5EC-57AA-406D-8859-49F3C7F583A3}.Debug|Any CPU.ActiveCfg = Debug|Any CPU
		{6F2DD5EC-57AA-406D-8859-49F3C7F583A3}.Debug|Any CPU.Build.0 = Debug|Any CPU
		{6F2DD5EC-57AA-406D-8859-49F3C7F583A3}.Release|Any CPU.ActiveCfg = Release|Any CPU
		{6F2DD5EC-57AA-406D-8859-49F3C7F583A3}.Release|Any CPU.Build.0 = Release|Any CPU
		{9C71D4CA-71C6-4B28-B621-50769E14370E}.Debug|Any CPU.ActiveCfg = Debug|Any CPU
		{9C71D4CA-71C6-4B28-B621-50769E14370E}.Debug|Any CPU.Build.0 = Debug|Any CPU
		{9C71D4CA-71C6-4B28-B621-50769E14370E}.Release|Any CPU.ActiveCfg = Release|Any CPU
		{9C71D4CA-71C6-4B28-B621-50769E14370E}.Release|Any CPU.Build.0 = Release|Any CPU
		{45DCD9B9-36EE-4ED1-B35B-5F3C17C01333}.Debug|Any CPU.ActiveCfg = Debug|Any CPU
		{45DCD9B9-36EE-4ED1-B35B-5F3C17C01333}.Debug|Any CPU.Build.0 = Debug|Any CPU
		{45DCD9B9-36EE-4ED1-B35B-5F3C17C01333}.Release|Any CPU.ActiveCfg = Release|Any CPU
		{45DCD9B9-36EE-4ED1-B35B-5F3C17C01333}.Release|Any CPU.Build.0 = Release|Any CPU
	EndGlobalSection
	GlobalSection(SolutionProperties) = preSolution
		HideSolutionNode = FALSE
	EndGlobalSection
	GlobalSection(NestedProjects) = preSolution
		{AB1A5FA3-EB3F-457B-8255-8323280756F3} = {CA1B441A-94B4-4523-9466-407FFA1E97B9}
		{6F2DD5EC-57AA-406D-8859-49F3C7F583A3} = {CA1B441A-94B4-4523-9466-407FFA1E97B9}
		{9C71D4CA-71C6-4B28-B621-50769E14370E} = {CA1B441A-94B4-4523-9466-407FFA1E97B9}
	EndGlobalSection
	GlobalSection(ExtensibilityGlobals) = postSolution
		SolutionGuid = {DA60420C-F391-42C9-B17E-863DC34AB6BE}
	EndGlobalSection
EndGlobal
